<?xml version="1.0" encoding="utf-8"?>
<Project ToolsVersion="4.0" xmlns="http://schemas.microsoft.com/developer/msbuild/2003">
  <ItemGroup>
    <ClInclude Include="MOWServer.h" />
    <ClInclude Include="HubThread.h" />
    <ClInclude Include="Group.h" />
    <ClInclude Include="MatchRoomThread.h" />
    <ClInclude Include="Configuration.h" />
    <ClInclude Include="BattleThread.h" />
    <ClInclude Include="GatewayThread.h" />
    <ClInclude Include="GameStaticData.h" />
    <ClInclude Include="UpdateThread.h">
      <Filter>Update</Filter>
    </ClInclude>
    <ClInclude Include="UnitObject.h">
      <Filter>Update</Filter>
    </ClInclude>
    <ClInclude Include="MoveUpdateThread.h">
      <Filter>Update</Filter>
    </ClInclude>
    <ClInclude Include="ProtocolExt.h" />
    <ClInclude Include="PathFindingWork.h">
      <Filter>PathFinding</Filter>
    </ClInclude>
    <ClInclude Include="stdafx.h">
      <Filter>precomiled</Filter>
    </ClInclude>
    <ClInclude Include="Protocol.h" />
  </ItemGroup>
  <ItemGroup>
    <ClCompile Include="MOWServer.cpp" />
    <ClCompile Include="HubThread.cpp" />
    <ClCompile Include="MatchRoomThread.cpp" />
    <ClCompile Include="main.cpp" />
    <ClCompile Include="BattleThread.cpp" />
    <ClCompile Include="GatewayThread.cpp" />
    <ClCompile Include="UpdateThread.cpp">
      <Filter>Update</Filter>
    </ClCompile>
    <ClCompile Include="MoveUpdateThread.cpp">
      <Filter>Update</Filter>
    </ClCompile>
    <ClCompile Include="PathFindingWork.cpp">
      <Filter>PathFinding</Filter>
    </ClCompile>
    <ClCompile Include="stdafx.cpp">
      <Filter>precomiled</Filter>
    </ClCompile>
  </ItemGroup>
  <ItemGroup>
    <None Include="Protocol_new.json" />
  </ItemGroup>
  <ItemGroup>
    <Filter Include="Update">
      <UniqueIdentifier>{a6cf0cc9-3bf1-41b6-97e5-8c95af1a1d09}</UniqueIdentifier>
    </Filter>
    <Filter Include="PathFinding">
      <UniqueIdentifier>{a8fabeff-1529-4cc1-8467-df64de9b05d0}</UniqueIdentifier>
    </Filter>
    <Filter Include="precomiled">
      <UniqueIdentifier>{f015fcb2-bf24-4625-9c29-b033ebd88494}</UniqueIdentifier>
    </Filter>
  </ItemGroup>
</Project>